<Solution>
  <Folder Name="/src/">
    <Project Path="src/RagQnA.Api/RagQnA.Api.csproj" />
    <Project Path="src/RagQnA.Contracts/RagQnA.Contracts.csproj" />
    <Project Path="src/RagQnA.Infrastructure/RagQnA.Infrastructure.csproj" />
    <Project Path="src/RagQnA.Ingestion/RagQnA.Ingestion.csproj" />
  </Folder>
  <Folder Name="/tests/">
    <Project Path="tests/RagQnA.Tests/RagQnA.Tests.csproj" />
  </Folder>
</Solution>
